
Microsoft Visual Studio Solution File, Format Version 12.00
# 
Project("{FAE04EC0-301F-11D3-BF4B-00C04F79EFBC}") = "RatingService", "RatingService\RatingService.csproj", "{08042BEB-158F-4EEA-8312-AE7B78757280}"
EndProject
Project("{2150E333-8FDC-42A3-9474-1A3956D46DE8}") = "Solution Items", "Solution Items", "{2DA578F5-A297-4983-9970-B4E69973A1E2}"
	ProjectSection(SolutionItems) = preProject
		compose.yaml = compose.yaml
	EndProjectSection
EndProject
Project("{FAE04EC0-301F-11D3-BF4B-00C04F79EFBC}") = "RatingService.Tests", "RatingService.Tests\RatingService.Tests.csproj", "{BBFDC144-1382-4A5A-84B5-2DBF251B7EA3}"
EndProject
Global
	GlobalSection(SolutionConfigurationPlatforms) = preSolution
		Debug|Any CPU = Debug|Any CPU
		Release|Any CPU = Release|Any CPU
	EndGlobalSection
	GlobalSection(ProjectConfigurationPlatforms) = postSolution
		{08042BEB-158F-4EEA-8312-AE7B78757280}.Debug|Any CPU.ActiveCfg = Debug|Any CPU
		{08042BEB-158F-4EEA-8312-AE7B78757280}.Debug|Any CPU.Build.0 = Debug|Any CPU
		{08042BEB-158F-4EEA-8312-AE7B78757280}.Release|Any CPU.ActiveCfg = Release|Any CPU
		{08042BEB-158F-4EEA-8312-AE7B78757280}.Release|Any CPU.Build.0 = Release|Any CPU
		{BBFDC144-1382-4A5A-84B5-2DBF251B7EA3}.Debug|Any CPU.ActiveCfg = Debug|Any CPU
		{BBFDC144-1382-4A5A-84B5-2DBF251B7EA3}.Debug|Any CPU.Build.0 = Debug|Any CPU
		{BBFDC144-1382-4A5A-84B5-2DBF251B7EA3}.Release|Any CPU.ActiveCfg = Release|Any CPU
		{BBFDC144-1382-4A5A-84B5-2DBF251B7EA3}.Release|Any CPU.Build.0 = Release|Any CPU
	EndGlobalSection
EndGlobal
