
Microsoft Visual Studio Solution File, Format Version 12.00
Project("{FAE04EC0-301F-11D3-BF4B-00C04F79EFBC}") = "RatingService", "RatingService\RatingService.csproj", "{08042BEB-158F-4EEA-8312-AE7B78757280}"
EndProject
Global
	GlobalSection(SolutionConfigurationPlatforms) = preSolution
		Debug|Any CPU = Debug|Any CPU
		Release|Any CPU = Release|Any CPU
	EndGlobalSection
	GlobalSection(ProjectConfigurationPlatforms) = postSolution
		{08042BEB-158F-4EEA-8312-AE7B78757280}.Debug|Any CPU.ActiveCfg = Debug|Any CPU
		{08042BEB-158F-4EEA-8312-AE7B78757280}.Debug|Any CPU.Build.0 = Debug|Any CPU
		{08042BEB-158F-4EEA-8312-AE7B78757280}.Release|Any CPU.ActiveCfg = Release|Any CPU
		{08042BEB-158F-4EEA-8312-AE7B78757280}.Release|Any CPU.Build.0 = Release|Any CPU
	EndGlobalSection
EndGlobal
